
Microsoft Visual Studio Solution File, Format Version 12.00
# Visual Studio 2012
Project("{FAE04EC0-301F-11D3-BF4B-00C04F79EFBC}") = "Validation Contorls", "Validation Contorls.csproj", "{68EDE776-1A0E-4E23-A010-75245CE76D17}"
EndProject
Project("{FAE04EC0-301F-11D3-BF4B-00C04F79EFBC}") = "PARAS IMPEX DESKTOP APP", "..\..\..\desktop app\paras\PARAS IMPEX DESKTOP APP\PARAS IMPEX DESKTOP APP.csproj", "{552174AF-A4D7-4B3C-A392-5E57929235B6}"
EndProject
Global
	GlobalSection(SolutionConfigurationPlatforms) = preSolution
		Debug|Any CPU = Debug|Any CPU
		Release|Any CPU = Release|Any CPU
	EndGlobalSection
	GlobalSection(ProjectConfigurationPlatforms) = postSolution
		{68EDE776-1A0E-4E23-A010-75245CE76D17}.Debug|Any CPU.ActiveCfg = Debug|Any CPU
		{68EDE776-1A0E-4E23-A010-75245CE76D17}.Debug|Any CPU.Build.0 = Debug|Any CPU
		{68EDE776-1A0E-4E23-A010-75245CE76D17}.Release|Any CPU.ActiveCfg = Release|Any CPU
		{68EDE776-1A0E-4E23-A010-75245CE76D17}.Release|Any CPU.Build.0 = Release|Any CPU
		{552174AF-A4D7-4B3C-A392-5E57929235B6}.Debug|Any CPU.ActiveCfg = Debug|Any CPU
		{552174AF-A4D7-4B3C-A392-5E57929235B6}.Debug|Any CPU.Build.0 = Debug|Any CPU
		{552174AF-A4D7-4B3C-A392-5E57929235B6}.Release|Any CPU.ActiveCfg = Release|Any CPU
		{552174AF-A4D7-4B3C-A392-5E57929235B6}.Release|Any CPU.Build.0 = Release|Any CPU
	EndGlobalSection
	GlobalSection(SolutionProperties) = preSolution
		HideSolutionNode = FALSE
	EndGlobalSection
EndGlobal
